
Microsoft Visual Studio Solution File, Format Version 12.00
# Visual Studio 15
VisualStudioVersion = 15.0.27428.2043
MinimumVisualStudioVersion = 10.0.40219.1
Project("{FAE04EC0-301F-11D3-BF4B-00C04F79EFBC}") = "FitnessTrack", "FitnessTrack\FitnessTrack.csproj", "{E0CD7F8C-E374-4E2B-AE1A-AE75969B6696}"
EndProject
Global
	GlobalSection(SolutionConfigurationPlatforms) = preSolution
		Debug|Any CPU = Debug|Any CPU
		Release|Any CPU = Release|Any CPU
	EndGlobalSection
	GlobalSection(ProjectConfigurationPlatforms) = postSolution
		{E0CD7F8C-E374-4E2B-AE1A-AE75969B6696}.Debug|Any CPU.ActiveCfg = Debug|Any CPU
		{E0CD7F8C-E374-4E2B-AE1A-AE75969B6696}.Debug|Any CPU.Build.0 = Debug|Any CPU
		{E0CD7F8C-E374-4E2B-AE1A-AE75969B6696}.Debug|Any CPU.Deploy.0 = Debug|Any CPU
		{E0CD7F8C-E374-4E2B-AE1A-AE75969B6696}.Release|Any CPU.ActiveCfg = Release|Any CPU
		{E0CD7F8C-E374-4E2B-AE1A-AE75969B6696}.Release|Any CPU.Build.0 = Release|Any CPU
		{E0CD7F8C-E374-4E2B-AE1A-AE75969B6696}.Release|Any CPU.Deploy.0 = Release|Any CPU
	EndGlobalSection
	GlobalSection(SolutionProperties) = preSolution
		HideSolutionNode = FALSE
	EndGlobalSection
	GlobalSection(ExtensibilityGlobals) = postSolution
		SolutionGuid = {22DEF1A5-4A10-4594-BC83-FC2694B1A4B8}
	EndGlobalSection
EndGlobal
